PODS:
  - DataStructures (0.1.1)
  - FBSnapshotTestCase (1.1)
  - Kiwi/ARC (2.2.4)
  - Kiwi/NonARC (2.2.4)
  - Kiwi/XCTest (2.2.4):
    - Kiwi/ARC
    - Kiwi/NonARC
  - LocalSearchKit (0.1.0):
    - DataStructures (~> 0.1.1)

DEPENDENCIES:
  - FBSnapshotTestCase
  - Kiwi/XCTest
  - LocalSearchKit (from `../`)

EXTERNAL SOURCES:
  LocalSearchKit:
    :path: ../

SPEC CHECKSUMS:
  DataStructures: 66126f25ea638b45171e9d77c5159555c89c5c83
  FBSnapshotTestCase: 9053afee1d66b4c7c313fcb0ae582a5e47bea9d0
  Kiwi: c73667f2b84cbf36f1a3830267c5a4ae8dcbd8ba
  LocalSearchKit: fff1bc8094178bac634f27da1fd75505a225b419

COCOAPODS: 0.33.1
