PODS:
  - DataStructures (0.1.5)
  - FBSnapshotTestCase (1.4)
  - Kiwi/ARC (2.2.4)
  - Kiwi/NonARC (2.2.4)
  - Kiwi/XCTest (2.2.4):
    - Kiwi/ARC
    - Kiwi/NonARC
  - LocalSearchKit (0.1.1):
    - DataStructures

DEPENDENCIES:
  - FBSnapshotTestCase
  - Kiwi/XCTest
  - LocalSearchKit (from `../`)

EXTERNAL SOURCES:
  LocalSearchKit:
    :path: ../

SPEC CHECKSUMS:
  DataStructures: 114045d225b62f9bc5909398d64dee5c209c0103
  FBSnapshotTestCase: f9f225b5ba11c8d8c09075590490df16314e4d62
  Kiwi: c73667f2b84cbf36f1a3830267c5a4ae8dcbd8ba
  LocalSearchKit: 3d8453546c323f3008ad2a4708ca78098334da33

COCOAPODS: 0.35.0
