PODS:
  - DataStructures (0.1.3)
  - FBSnapshotTestCase (1.4)
  - Kiwi (2.3.1)
  - LocalSearchKit (0.1.1):
    - DataStructures

DEPENDENCIES:
  - FBSnapshotTestCase
  - Kiwi
  - LocalSearchKit (from `../`)

EXTERNAL SOURCES:
  LocalSearchKit:
    :path: ../

SPEC CHECKSUMS:
  DataStructures: 2e51f6f1613a98493d41a5adb4e215a841628855
  FBSnapshotTestCase: f9f225b5ba11c8d8c09075590490df16314e4d62
  Kiwi: 73e1400209055ee9c8ba78c6012b6b642d0fb9f7
  LocalSearchKit: bfc153ad03f4b40f17f4be965f9f138bd15cf2f7

COCOAPODS: 0.35.0
